
Microsoft Visual Studio Solution File, Format Version 12.00
# Visual Studio Version 16
VisualStudioVersion = 16.0.34031.81
MinimumVisualStudioVersion = 10.0.40219.1
Project("{2150E333-8FDC-42A3-9474-1A3956D46DE8}") = "Task0", "Task0", "{AF154654-BB22-4A60-AA7F-26A398429B05}"
EndProject
Project("{FAE04EC0-301F-11D3-BF4B-00C04F79EFBC}") = "Tyuiu.FaizullinDR.Sprint2.Task0.V13", "Tyuiu.FaizullinDR.Sprint2.Task0.V13\Tyuiu.FaizullinDR.Sprint2.Task0.V13.csproj", "{C44C9BD2-04F1-4D7A-9861-3D5781776AFA}"
EndProject
Project("{FAE04EC0-301F-11D3-BF4B-00C04F79EFBC}") = "Tyuiu.FaizullinDR.Sprint2.Task0.V13.Lib", "Tyuiu.FaizullinDR.Sprint2.Task0.V13.Lib\Tyuiu.FaizullinDR.Sprint2.Task0.V13.Lib.csproj", "{96E62BDC-A931-445A-B0F2-77F39B34D773}"
EndProject
Project("{FAE04EC0-301F-11D3-BF4B-00C04F79EFBC}") = "Tyuiu.FaizullinDR.Sprint2.Task0.V13.Test", "Tyuiu.FaizullinDR.Sprint2.Task0.V13.Test\Tyuiu.FaizullinDR.Sprint2.Task0.V13.Test.csproj", "{0D57193B-AC96-469A-970C-8175BD15C398}"
EndProject
Project("{2150E333-8FDC-42A3-9474-1A3956D46DE8}") = "Task1", "Task1", "{063E63F0-4422-450B-8342-9D0001E14E95}"
EndProject
Project("{FAE04EC0-301F-11D3-BF4B-00C04F79EFBC}") = "Tyuiu.FaizullinDR.Sprint2.Task1.V14", "Tyuiu.FaizullinDR.Sprint2.Task1.V14\Tyuiu.FaizullinDR.Sprint2.Task1.V14.csproj", "{5EDE9667-2080-4E46-84C1-3277F71551B3}"
EndProject
Project("{FAE04EC0-301F-11D3-BF4B-00C04F79EFBC}") = "Tyuiu.FaizullinDR.Sprint2.Task1.V14.Lib", "Tyuiu.FaizullinDR.Sprint2.Task1.V14.Lib\Tyuiu.FaizullinDR.Sprint2.Task1.V14.Lib.csproj", "{F4F33E98-8EB5-4D4A-808D-879679F1482C}"
EndProject
Project("{FAE04EC0-301F-11D3-BF4B-00C04F79EFBC}") = "Tyuiu.FaizullinDR.Sprint2.Task1.V14.Test", "Tyuiu.FaizullinDR.Sprint2.Task1.V14.Test\Tyuiu.FaizullinDR.Sprint2.Task1.V14.Test.csproj", "{C75552B5-6930-4F45-9293-20DDE6AD8B25}"
EndProject
Project("{2150E333-8FDC-42A3-9474-1A3956D46DE8}") = "Task2", "Task2", "{AE6E462B-A896-4E5F-96A2-F3E223F55D3B}"
EndProject
Project("{FAE04EC0-301F-11D3-BF4B-00C04F79EFBC}") = "Tyuiu.FaizullinDR.Sprint2.Task2.V7", "Tyuiu.FaizullinDR.Sprint2.Task2.V7\Tyuiu.FaizullinDR.Sprint2.Task2.V7.csproj", "{94C0FEFE-9410-4DD0-A332-D8839AF397A2}"
EndProject
Project("{FAE04EC0-301F-11D3-BF4B-00C04F79EFBC}") = "Tyuiu.FaizullinDR.Sprint2.Task2.V7.Lib", "Tyuiu.FaizullinDR.Sprint2.Task2.V7.Lib\Tyuiu.FaizullinDR.Sprint2.Task2.V7.Lib.csproj", "{ADDF14A3-F04D-4811-9E66-DA212944E512}"
EndProject
Project("{FAE04EC0-301F-11D3-BF4B-00C04F79EFBC}") = "Tyuiu.FaizullinDR.Sprint2.Task2.V7.Test", "Tyuiu.FaizullinDR.Sprint2.Task2.V7.Test\Tyuiu.FaizullinDR.Sprint2.Task2.V7.Test.csproj", "{5C8065AE-28C3-4C5C-8354-7E4D0D21A066}"
EndProject
Global
	GlobalSection(SolutionConfigurationPlatforms) = preSolution
		Debug|Any CPU = Debug|Any CPU
		Release|Any CPU = Release|Any CPU
	EndGlobalSection
	GlobalSection(ProjectConfigurationPlatforms) = postSolution
		{C44C9BD2-04F1-4D7A-9861-3D5781776AFA}.Debug|Any CPU.ActiveCfg = Debug|Any CPU
		{C44C9BD2-04F1-4D7A-9861-3D5781776AFA}.Debug|Any CPU.Build.0 = Debug|Any CPU
		{C44C9BD2-04F1-4D7A-9861-3D5781776AFA}.Release|Any CPU.ActiveCfg = Release|Any CPU
		{C44C9BD2-04F1-4D7A-9861-3D5781776AFA}.Release|Any CPU.Build.0 = Release|Any CPU
		{96E62BDC-A931-445A-B0F2-77F39B34D773}.Debug|Any CPU.ActiveCfg = Debug|Any CPU
		{96E62BDC-A931-445A-B0F2-77F39B34D773}.Debug|Any CPU.Build.0 = Debug|Any CPU
		{96E62BDC-A931-445A-B0F2-77F39B34D773}.Release|Any CPU.ActiveCfg = Release|Any CPU
		{96E62BDC-A931-445A-B0F2-77F39B34D773}.Release|Any CPU.Build.0 = Release|Any CPU
		{0D57193B-AC96-469A-970C-8175BD15C398}.Debug|Any CPU.ActiveCfg = Debug|Any CPU
		{0D57193B-AC96-469A-970C-8175BD15C398}.Debug|Any CPU.Build.0 = Debug|Any CPU
		{0D57193B-AC96-469A-970C-8175BD15C398}.Release|Any CPU.ActiveCfg = Release|Any CPU
		{0D57193B-AC96-469A-970C-8175BD15C398}.Release|Any CPU.Build.0 = Release|Any CPU
		{5EDE9667-2080-4E46-84C1-3277F71551B3}.Debug|Any CPU.ActiveCfg = Debug|Any CPU
		{5EDE9667-2080-4E46-84C1-3277F71551B3}.Debug|Any CPU.Build.0 = Debug|Any CPU
		{5EDE9667-2080-4E46-84C1-3277F71551B3}.Release|Any CPU.ActiveCfg = Release|Any CPU
		{5EDE9667-2080-4E46-84C1-3277F71551B3}.Release|Any CPU.Build.0 = Release|Any CPU
		{F4F33E98-8EB5-4D4A-808D-879679F1482C}.Debug|Any CPU.ActiveCfg = Debug|Any CPU
		{F4F33E98-8EB5-4D4A-808D-879679F1482C}.Debug|Any CPU.Build.0 = Debug|Any CPU
		{F4F33E98-8EB5-4D4A-808D-879679F1482C}.Release|Any CPU.ActiveCfg = Release|Any CPU
		{F4F33E98-8EB5-4D4A-808D-879679F1482C}.Release|Any CPU.Build.0 = Release|Any CPU
		{C75552B5-6930-4F45-9293-20DDE6AD8B25}.Debug|Any CPU.ActiveCfg = Debug|Any CPU
		{C75552B5-6930-4F45-9293-20DDE6AD8B25}.Debug|Any CPU.Build.0 = Debug|Any CPU
		{C75552B5-6930-4F45-9293-20DDE6AD8B25}.Release|Any CPU.ActiveCfg = Release|Any CPU
		{C75552B5-6930-4F45-9293-20DDE6AD8B25}.Release|Any CPU.Build.0 = Release|Any CPU
		{94C0FEFE-9410-4DD0-A332-D8839AF397A2}.Debug|Any CPU.ActiveCfg = Debug|Any CPU
		{94C0FEFE-9410-4DD0-A332-D8839AF397A2}.Debug|Any CPU.Build.0 = Debug|Any CPU
		{94C0FEFE-9410-4DD0-A332-D8839AF397A2}.Release|Any CPU.ActiveCfg = Release|Any CPU
		{94C0FEFE-9410-4DD0-A332-D8839AF397A2}.Release|Any CPU.Build.0 = Release|Any CPU
		{ADDF14A3-F04D-4811-9E66-DA212944E512}.Debug|Any CPU.ActiveCfg = Debug|Any CPU
		{ADDF14A3-F04D-4811-9E66-DA212944E512}.Debug|Any CPU.Build.0 = Debug|Any CPU
		{ADDF14A3-F04D-4811-9E66-DA212944E512}.Release|Any CPU.ActiveCfg = Release|Any CPU
		{ADDF14A3-F04D-4811-9E66-DA212944E512}.Release|Any CPU.Build.0 = Release|Any CPU
		{5C8065AE-28C3-4C5C-8354-7E4D0D21A066}.Debug|Any CPU.ActiveCfg = Debug|Any CPU
		{5C8065AE-28C3-4C5C-8354-7E4D0D21A066}.Debug|Any CPU.Build.0 = Debug|Any CPU
		{5C8065AE-28C3-4C5C-8354-7E4D0D21A066}.Release|Any CPU.ActiveCfg = Release|Any CPU
		{5C8065AE-28C3-4C5C-8354-7E4D0D21A066}.Release|Any CPU.Build.0 = Release|Any CPU
	EndGlobalSection
	GlobalSection(SolutionProperties) = preSolution
		HideSolutionNode = FALSE
	EndGlobalSection
	GlobalSection(NestedProjects) = preSolution
		{C44C9BD2-04F1-4D7A-9861-3D5781776AFA} = {AF154654-BB22-4A60-AA7F-26A398429B05}
		{96E62BDC-A931-445A-B0F2-77F39B34D773} = {AF154654-BB22-4A60-AA7F-26A398429B05}
		{0D57193B-AC96-469A-970C-8175BD15C398} = {AF154654-BB22-4A60-AA7F-26A398429B05}
		{5EDE9667-2080-4E46-84C1-3277F71551B3} = {063E63F0-4422-450B-8342-9D0001E14E95}
		{F4F33E98-8EB5-4D4A-808D-879679F1482C} = {063E63F0-4422-450B-8342-9D0001E14E95}
		{C75552B5-6930-4F45-9293-20DDE6AD8B25} = {063E63F0-4422-450B-8342-9D0001E14E95}
		{94C0FEFE-9410-4DD0-A332-D8839AF397A2} = {AE6E462B-A896-4E5F-96A2-F3E223F55D3B}
		{ADDF14A3-F04D-4811-9E66-DA212944E512} = {AE6E462B-A896-4E5F-96A2-F3E223F55D3B}
		{5C8065AE-28C3-4C5C-8354-7E4D0D21A066} = {AE6E462B-A896-4E5F-96A2-F3E223F55D3B}
	EndGlobalSection
	GlobalSection(ExtensibilityGlobals) = postSolution
		SolutionGuid = {9663C717-22D5-4062-9F97-2FC2011ABCF2}
	EndGlobalSection
EndGlobal
