
Microsoft Visual Studio Solution File, Format Version 12.00
# Visual Studio Version 16
VisualStudioVersion = 16.0.34031.81
MinimumVisualStudioVersion = 10.0.40219.1
Project("{2150E333-8FDC-42A3-9474-1A3956D46DE8}") = "Task0", "Task0", "{AF154654-BB22-4A60-AA7F-26A398429B05}"
EndProject
Project("{FAE04EC0-301F-11D3-BF4B-00C04F79EFBC}") = "Tyuiu.FaizullinDR.Sprint2.Task0.V13", "Tyuiu.FaizullinDR.Sprint2.Task0.V13\Tyuiu.FaizullinDR.Sprint2.Task0.V13.csproj", "{C44C9BD2-04F1-4D7A-9861-3D5781776AFA}"
EndProject
Project("{FAE04EC0-301F-11D3-BF4B-00C04F79EFBC}") = "Tyuiu.FaizullinDR.Sprint2.Task0.V13.Lib", "Tyuiu.FaizullinDR.Sprint2.Task0.V13.Lib\Tyuiu.FaizullinDR.Sprint2.Task0.V13.Lib.csproj", "{96E62BDC-A931-445A-B0F2-77F39B34D773}"
EndProject
Project("{FAE04EC0-301F-11D3-BF4B-00C04F79EFBC}") = "Tyuiu.FaizullinDR.Sprint2.Task0.V13.Test", "Tyuiu.FaizullinDR.Sprint2.Task0.V13.Test\Tyuiu.FaizullinDR.Sprint2.Task0.V13.Test.csproj", "{0D57193B-AC96-469A-970C-8175BD15C398}"
EndProject
Project("{2150E333-8FDC-42A3-9474-1A3956D46DE8}") = "Task1", "Task1", "{063E63F0-4422-450B-8342-9D0001E14E95}"
EndProject
Project("{FAE04EC0-301F-11D3-BF4B-00C04F79EFBC}") = "Tyuiu.FaizullinDR.Sprint2.Task1.V14", "Tyuiu.FaizullinDR.Sprint2.Task1.V14\Tyuiu.FaizullinDR.Sprint2.Task1.V14.csproj", "{5EDE9667-2080-4E46-84C1-3277F71551B3}"
EndProject
Project("{FAE04EC0-301F-11D3-BF4B-00C04F79EFBC}") = "Tyuiu.FaizullinDR.Sprint2.Task1.V14.Lib", "Tyuiu.FaizullinDR.Sprint2.Task1.V14.Lib\Tyuiu.FaizullinDR.Sprint2.Task1.V14.Lib.csproj", "{F4F33E98-8EB5-4D4A-808D-879679F1482C}"
EndProject
Project("{FAE04EC0-301F-11D3-BF4B-00C04F79EFBC}") = "Tyuiu.FaizullinDR.Sprint2.Task1.V14.Test", "Tyuiu.FaizullinDR.Sprint2.Task1.V14.Test\Tyuiu.FaizullinDR.Sprint2.Task1.V14.Test.csproj", "{C75552B5-6930-4F45-9293-20DDE6AD8B25}"
EndProject
Project("{2150E333-8FDC-42A3-9474-1A3956D46DE8}") = "Task2", "Task2", "{AE6E462B-A896-4E5F-96A2-F3E223F55D3B}"
EndProject
Project("{FAE04EC0-301F-11D3-BF4B-00C04F79EFBC}") = "Tyuiu.FaizullinDR.Sprint2.Task2.V7", "Tyuiu.FaizullinDR.Sprint2.Task2.V7\Tyuiu.FaizullinDR.Sprint2.Task2.V7.csproj", "{94C0FEFE-9410-4DD0-A332-D8839AF397A2}"
EndProject
Project("{FAE04EC0-301F-11D3-BF4B-00C04F79EFBC}") = "Tyuiu.FaizullinDR.Sprint2.Task2.V7.Lib", "Tyuiu.FaizullinDR.Sprint2.Task2.V7.Lib\Tyuiu.FaizullinDR.Sprint2.Task2.V7.Lib.csproj", "{ADDF14A3-F04D-4811-9E66-DA212944E512}"
EndProject
Project("{FAE04EC0-301F-11D3-BF4B-00C04F79EFBC}") = "Tyuiu.FaizullinDR.Sprint2.Task2.V7.Test", "Tyuiu.FaizullinDR.Sprint2.Task2.V7.Test\Tyuiu.FaizullinDR.Sprint2.Task2.V7.Test.csproj", "{5C8065AE-28C3-4C5C-8354-7E4D0D21A066}"
EndProject
Project("{2150E333-8FDC-42A3-9474-1A3956D46DE8}") = "Task3", "Task3", "{4E2430EA-3415-4D29-88E2-53DAD5B192BF}"
EndProject
Project("{FAE04EC0-301F-11D3-BF4B-00C04F79EFBC}") = "Tyuiu.FaizullinDR.Sprint2.Task3.V5", "Tyuiu.FaizullinDR.Sprint2.Task3.V5\Tyuiu.FaizullinDR.Sprint2.Task3.V5.csproj", "{308BD5AC-600E-4550-BC53-84712EA92B20}"
EndProject
Project("{FAE04EC0-301F-11D3-BF4B-00C04F79EFBC}") = "Tyuiu.FaizullinDR.Sprint2.Task3.V5.Lib", "Tyuiu.FaizullinDR.Sprint2.Task3.V5.Lib\Tyuiu.FaizullinDR.Sprint2.Task3.V5.Lib.csproj", "{893DDADA-0979-4FB3-B742-503A81AD06FE}"
EndProject
Project("{FAE04EC0-301F-11D3-BF4B-00C04F79EFBC}") = "Tyuiu.FaizullinDR.Sprint2.Task3.V5.Test", "Tyuiu.FaizullinDR.Sprint2.Task3.V5.Test\Tyuiu.FaizullinDR.Sprint2.Task3.V5.Test.csproj", "{7FB8FE83-89FE-4048-92B3-BAAEBD911FBE}"
EndProject
Project("{2150E333-8FDC-42A3-9474-1A3956D46DE8}") = "Task4", "Task4", "{D8FD7848-728A-40CF-AF1C-B455FBE0DA84}"
EndProject
Project("{FAE04EC0-301F-11D3-BF4B-00C04F79EFBC}") = "Tyuiu.FaizullinDR.Sprint2.Task4.V21", "Tyuiu.FaizullinDR.Sprint2.Task4.V21\Tyuiu.FaizullinDR.Sprint2.Task4.V21.csproj", "{4D4DBB07-E7B9-4A12-A1DD-26FA33E06D20}"
EndProject
Project("{FAE04EC0-301F-11D3-BF4B-00C04F79EFBC}") = "Tyuiu.FaizullinDR.Sprint2.Task4.V21.Lib", "Tyuiu.FaizullinDR.Sprint2.Task4.V21.Lib\Tyuiu.FaizullinDR.Sprint2.Task4.V21.Lib.csproj", "{A361AE52-9298-4642-9678-718A7B4F3E51}"
EndProject
Project("{FAE04EC0-301F-11D3-BF4B-00C04F79EFBC}") = "Tyuiu.FaizullinDR.Sprint2.Task4.V21.Test", "Tyuiu.FaizullinDR.Sprint2.Task4.V21.Test\Tyuiu.FaizullinDR.Sprint2.Task4.V21.Test.csproj", "{DBE475EB-AB7A-4CD5-BF88-E126423199F8}"
EndProject
Project("{2150E333-8FDC-42A3-9474-1A3956D46DE8}") = "Task5", "Task5", "{4991B61A-C289-4493-BA74-4C2BDBB62E01}"
EndProject
Project("{FAE04EC0-301F-11D3-BF4B-00C04F79EFBC}") = "Tyuiu.FaizullinDR.Sprint2.Task5.V5", "Tyuiu.FaizullinDR.Sprint2.Task5.V5\Tyuiu.FaizullinDR.Sprint2.Task5.V5.csproj", "{E5D4C3B6-CA38-4B1C-B298-EA8D15659BB8}"
EndProject
Project("{FAE04EC0-301F-11D3-BF4B-00C04F79EFBC}") = "Tyuiu.FaizullinDR.Sprint2.Task5.V5.Lib", "Tyuiu.FaizullinDR.Sprint2.Task5.V5.Lib\Tyuiu.FaizullinDR.Sprint2.Task5.V5.Lib.csproj", "{0AA8C135-A9B1-4A4D-86FF-80BC5C6B57BA}"
EndProject
Project("{FAE04EC0-301F-11D3-BF4B-00C04F79EFBC}") = "Tyuiu.FaizullinDR.Sprint2.Task5.V5.Test", "Tyuiu.FaizullinDR.Sprint2.Task5.V5.Test\Tyuiu.FaizullinDR.Sprint2.Task5.V5.Test.csproj", "{F0EC84F3-9C46-41B4-A7AC-4BF6273C26DB}"
EndProject
Project("{2150E333-8FDC-42A3-9474-1A3956D46DE8}") = "Task6", "Task6", "{5E55F240-482A-4824-8F37-D2E815731B50}"
EndProject
Project("{FAE04EC0-301F-11D3-BF4B-00C04F79EFBC}") = "Tyuiu.FaizullinDR.Sprint2.Task6.V5", "Tyuiu.FaizullinDR.Sprint2.Task6.V5\Tyuiu.FaizullinDR.Sprint2.Task6.V5.csproj", "{00800197-EAFA-4A99-8E99-BDA1567A08FA}"
EndProject
Project("{FAE04EC0-301F-11D3-BF4B-00C04F79EFBC}") = "Tyuiu.FaizullinDR.Sprint2.Task6.V5.Lib", "Tyuiu.FaizullinDR.Sprint2.Task6.V5.Lib\Tyuiu.FaizullinDR.Sprint2.Task6.V5.Lib.csproj", "{014CA6BB-7326-41FD-9333-F5B77E84ED00}"
EndProject
Project("{FAE04EC0-301F-11D3-BF4B-00C04F79EFBC}") = "Tyuiu.FaizullinDR.Sprint2.Task6.V5.Test", "Tyuiu.FaizullinDR.Sprint2.Task6.V5.Test\Tyuiu.FaizullinDR.Sprint2.Task6.V5.Test.csproj", "{1D4D8757-6169-47A6-BE0A-6690520D9305}"
EndProject
Project("{2150E333-8FDC-42A3-9474-1A3956D46DE8}") = "Task7", "Task7", "{020EFDAB-D519-41FF-B0EA-9E9FD0113D3D}"
EndProject
Project("{FAE04EC0-301F-11D3-BF4B-00C04F79EFBC}") = "Tyuiu.FaizullinDR.Sprint2.Task7.V5", "Tyuiu.FaizullinDR.Sprint2.Task7.V5\Tyuiu.FaizullinDR.Sprint2.Task7.V5.csproj", "{4CAE462F-412A-4AC1-8328-1EE68B4E26C8}"
EndProject
Project("{FAE04EC0-301F-11D3-BF4B-00C04F79EFBC}") = "Tyuiu.FaizullinDR.Sprint2.Task7.V5.Lib", "Tyuiu.FaizullinDR.Sprint2.Task7.V5.Lib\Tyuiu.FaizullinDR.Sprint2.Task7.V5.Lib.csproj", "{F92F539A-9376-4C33-8760-5EEE52D969DB}"
EndProject
Project("{FAE04EC0-301F-11D3-BF4B-00C04F79EFBC}") = "Tyuiu.FaizullinDR.Sprint2.Task7.V5.Test", "Tyuiu.FaizullinDR.Sprint2.Task7.V5.Test\Tyuiu.FaizullinDR.Sprint2.Task7.V5.Test.csproj", "{194FF05E-9526-472F-A50B-77C48D88CBE0}"
EndProject
Global
	GlobalSection(SolutionConfigurationPlatforms) = preSolution
		Debug|Any CPU = Debug|Any CPU
		Release|Any CPU = Release|Any CPU
	EndGlobalSection
	GlobalSection(ProjectConfigurationPlatforms) = postSolution
		{C44C9BD2-04F1-4D7A-9861-3D5781776AFA}.Debug|Any CPU.ActiveCfg = Debug|Any CPU
		{C44C9BD2-04F1-4D7A-9861-3D5781776AFA}.Debug|Any CPU.Build.0 = Debug|Any CPU
		{C44C9BD2-04F1-4D7A-9861-3D5781776AFA}.Release|Any CPU.ActiveCfg = Release|Any CPU
		{C44C9BD2-04F1-4D7A-9861-3D5781776AFA}.Release|Any CPU.Build.0 = Release|Any CPU
		{96E62BDC-A931-445A-B0F2-77F39B34D773}.Debug|Any CPU.ActiveCfg = Debug|Any CPU
		{96E62BDC-A931-445A-B0F2-77F39B34D773}.Debug|Any CPU.Build.0 = Debug|Any CPU
		{96E62BDC-A931-445A-B0F2-77F39B34D773}.Release|Any CPU.ActiveCfg = Release|Any CPU
		{96E62BDC-A931-445A-B0F2-77F39B34D773}.Release|Any CPU.Build.0 = Release|Any CPU
		{0D57193B-AC96-469A-970C-8175BD15C398}.Debug|Any CPU.ActiveCfg = Debug|Any CPU
		{0D57193B-AC96-469A-970C-8175BD15C398}.Debug|Any CPU.Build.0 = Debug|Any CPU
		{0D57193B-AC96-469A-970C-8175BD15C398}.Release|Any CPU.ActiveCfg = Release|Any CPU
		{0D57193B-AC96-469A-970C-8175BD15C398}.Release|Any CPU.Build.0 = Release|Any CPU
		{5EDE9667-2080-4E46-84C1-3277F71551B3}.Debug|Any CPU.ActiveCfg = Debug|Any CPU
		{5EDE9667-2080-4E46-84C1-3277F71551B3}.Debug|Any CPU.Build.0 = Debug|Any CPU
		{5EDE9667-2080-4E46-84C1-3277F71551B3}.Release|Any CPU.ActiveCfg = Release|Any CPU
		{5EDE9667-2080-4E46-84C1-3277F71551B3}.Release|Any CPU.Build.0 = Release|Any CPU
		{F4F33E98-8EB5-4D4A-808D-879679F1482C}.Debug|Any CPU.ActiveCfg = Debug|Any CPU
		{F4F33E98-8EB5-4D4A-808D-879679F1482C}.Debug|Any CPU.Build.0 = Debug|Any CPU
		{F4F33E98-8EB5-4D4A-808D-879679F1482C}.Release|Any CPU.ActiveCfg = Release|Any CPU
		{F4F33E98-8EB5-4D4A-808D-879679F1482C}.Release|Any CPU.Build.0 = Release|Any CPU
		{C75552B5-6930-4F45-9293-20DDE6AD8B25}.Debug|Any CPU.ActiveCfg = Debug|Any CPU
		{C75552B5-6930-4F45-9293-20DDE6AD8B25}.Debug|Any CPU.Build.0 = Debug|Any CPU
		{C75552B5-6930-4F45-9293-20DDE6AD8B25}.Release|Any CPU.ActiveCfg = Release|Any CPU
		{C75552B5-6930-4F45-9293-20DDE6AD8B25}.Release|Any CPU.Build.0 = Release|Any CPU
		{94C0FEFE-9410-4DD0-A332-D8839AF397A2}.Debug|Any CPU.ActiveCfg = Debug|Any CPU
		{94C0FEFE-9410-4DD0-A332-D8839AF397A2}.Debug|Any CPU.Build.0 = Debug|Any CPU
		{94C0FEFE-9410-4DD0-A332-D8839AF397A2}.Release|Any CPU.ActiveCfg = Release|Any CPU
		{94C0FEFE-9410-4DD0-A332-D8839AF397A2}.Release|Any CPU.Build.0 = Release|Any CPU
		{ADDF14A3-F04D-4811-9E66-DA212944E512}.Debug|Any CPU.ActiveCfg = Debug|Any CPU
		{ADDF14A3-F04D-4811-9E66-DA212944E512}.Debug|Any CPU.Build.0 = Debug|Any CPU
		{ADDF14A3-F04D-4811-9E66-DA212944E512}.Release|Any CPU.ActiveCfg = Release|Any CPU
		{ADDF14A3-F04D-4811-9E66-DA212944E512}.Release|Any CPU.Build.0 = Release|Any CPU
		{5C8065AE-28C3-4C5C-8354-7E4D0D21A066}.Debug|Any CPU.ActiveCfg = Debug|Any CPU
		{5C8065AE-28C3-4C5C-8354-7E4D0D21A066}.Debug|Any CPU.Build.0 = Debug|Any CPU
		{5C8065AE-28C3-4C5C-8354-7E4D0D21A066}.Release|Any CPU.ActiveCfg = Release|Any CPU
		{5C8065AE-28C3-4C5C-8354-7E4D0D21A066}.Release|Any CPU.Build.0 = Release|Any CPU
		{308BD5AC-600E-4550-BC53-84712EA92B20}.Debug|Any CPU.ActiveCfg = Debug|Any CPU
		{308BD5AC-600E-4550-BC53-84712EA92B20}.Debug|Any CPU.Build.0 = Debug|Any CPU
		{308BD5AC-600E-4550-BC53-84712EA92B20}.Release|Any CPU.ActiveCfg = Release|Any CPU
		{308BD5AC-600E-4550-BC53-84712EA92B20}.Release|Any CPU.Build.0 = Release|Any CPU
		{893DDADA-0979-4FB3-B742-503A81AD06FE}.Debug|Any CPU.ActiveCfg = Debug|Any CPU
		{893DDADA-0979-4FB3-B742-503A81AD06FE}.Debug|Any CPU.Build.0 = Debug|Any CPU
		{893DDADA-0979-4FB3-B742-503A81AD06FE}.Release|Any CPU.ActiveCfg = Release|Any CPU
		{893DDADA-0979-4FB3-B742-503A81AD06FE}.Release|Any CPU.Build.0 = Release|Any CPU
		{7FB8FE83-89FE-4048-92B3-BAAEBD911FBE}.Debug|Any CPU.ActiveCfg = Debug|Any CPU
		{7FB8FE83-89FE-4048-92B3-BAAEBD911FBE}.Debug|Any CPU.Build.0 = Debug|Any CPU
		{7FB8FE83-89FE-4048-92B3-BAAEBD911FBE}.Release|Any CPU.ActiveCfg = Release|Any CPU
		{7FB8FE83-89FE-4048-92B3-BAAEBD911FBE}.Release|Any CPU.Build.0 = Release|Any CPU
		{4D4DBB07-E7B9-4A12-A1DD-26FA33E06D20}.Debug|Any CPU.ActiveCfg = Debug|Any CPU
		{4D4DBB07-E7B9-4A12-A1DD-26FA33E06D20}.Debug|Any CPU.Build.0 = Debug|Any CPU
		{4D4DBB07-E7B9-4A12-A1DD-26FA33E06D20}.Release|Any CPU.ActiveCfg = Release|Any CPU
		{4D4DBB07-E7B9-4A12-A1DD-26FA33E06D20}.Release|Any CPU.Build.0 = Release|Any CPU
		{A361AE52-9298-4642-9678-718A7B4F3E51}.Debug|Any CPU.ActiveCfg = Debug|Any CPU
		{A361AE52-9298-4642-9678-718A7B4F3E51}.Debug|Any CPU.Build.0 = Debug|Any CPU
		{A361AE52-9298-4642-9678-718A7B4F3E51}.Release|Any CPU.ActiveCfg = Release|Any CPU
		{A361AE52-9298-4642-9678-718A7B4F3E51}.Release|Any CPU.Build.0 = Release|Any CPU
		{DBE475EB-AB7A-4CD5-BF88-E126423199F8}.Debug|Any CPU.ActiveCfg = Debug|Any CPU
		{DBE475EB-AB7A-4CD5-BF88-E126423199F8}.Debug|Any CPU.Build.0 = Debug|Any CPU
		{DBE475EB-AB7A-4CD5-BF88-E126423199F8}.Release|Any CPU.ActiveCfg = Release|Any CPU
		{DBE475EB-AB7A-4CD5-BF88-E126423199F8}.Release|Any CPU.Build.0 = Release|Any CPU
		{E5D4C3B6-CA38-4B1C-B298-EA8D15659BB8}.Debug|Any CPU.ActiveCfg = Debug|Any CPU
		{E5D4C3B6-CA38-4B1C-B298-EA8D15659BB8}.Debug|Any CPU.Build.0 = Debug|Any CPU
		{E5D4C3B6-CA38-4B1C-B298-EA8D15659BB8}.Release|Any CPU.ActiveCfg = Release|Any CPU
		{E5D4C3B6-CA38-4B1C-B298-EA8D15659BB8}.Release|Any CPU.Build.0 = Release|Any CPU
		{0AA8C135-A9B1-4A4D-86FF-80BC5C6B57BA}.Debug|Any CPU.ActiveCfg = Debug|Any CPU
		{0AA8C135-A9B1-4A4D-86FF-80BC5C6B57BA}.Debug|Any CPU.Build.0 = Debug|Any CPU
		{0AA8C135-A9B1-4A4D-86FF-80BC5C6B57BA}.Release|Any CPU.ActiveCfg = Release|Any CPU
		{0AA8C135-A9B1-4A4D-86FF-80BC5C6B57BA}.Release|Any CPU.Build.0 = Release|Any CPU
		{F0EC84F3-9C46-41B4-A7AC-4BF6273C26DB}.Debug|Any CPU.ActiveCfg = Debug|Any CPU
		{F0EC84F3-9C46-41B4-A7AC-4BF6273C26DB}.Debug|Any CPU.Build.0 = Debug|Any CPU
		{F0EC84F3-9C46-41B4-A7AC-4BF6273C26DB}.Release|Any CPU.ActiveCfg = Release|Any CPU
		{F0EC84F3-9C46-41B4-A7AC-4BF6273C26DB}.Release|Any CPU.Build.0 = Release|Any CPU
		{00800197-EAFA-4A99-8E99-BDA1567A08FA}.Debug|Any CPU.ActiveCfg = Debug|Any CPU
		{00800197-EAFA-4A99-8E99-BDA1567A08FA}.Debug|Any CPU.Build.0 = Debug|Any CPU
		{00800197-EAFA-4A99-8E99-BDA1567A08FA}.Release|Any CPU.ActiveCfg = Release|Any CPU
		{00800197-EAFA-4A99-8E99-BDA1567A08FA}.Release|Any CPU.Build.0 = Release|Any CPU
		{014CA6BB-7326-41FD-9333-F5B77E84ED00}.Debug|Any CPU.ActiveCfg = Debug|Any CPU
		{014CA6BB-7326-41FD-9333-F5B77E84ED00}.Debug|Any CPU.Build.0 = Debug|Any CPU
		{014CA6BB-7326-41FD-9333-F5B77E84ED00}.Release|Any CPU.ActiveCfg = Release|Any CPU
		{014CA6BB-7326-41FD-9333-F5B77E84ED00}.Release|Any CPU.Build.0 = Release|Any CPU
		{1D4D8757-6169-47A6-BE0A-6690520D9305}.Debug|Any CPU.ActiveCfg = Debug|Any CPU
		{1D4D8757-6169-47A6-BE0A-6690520D9305}.Debug|Any CPU.Build.0 = Debug|Any CPU
		{1D4D8757-6169-47A6-BE0A-6690520D9305}.Release|Any CPU.ActiveCfg = Release|Any CPU
		{1D4D8757-6169-47A6-BE0A-6690520D9305}.Release|Any CPU.Build.0 = Release|Any CPU
		{4CAE462F-412A-4AC1-8328-1EE68B4E26C8}.Debug|Any CPU.ActiveCfg = Debug|Any CPU
		{4CAE462F-412A-4AC1-8328-1EE68B4E26C8}.Debug|Any CPU.Build.0 = Debug|Any CPU
		{4CAE462F-412A-4AC1-8328-1EE68B4E26C8}.Release|Any CPU.ActiveCfg = Release|Any CPU
		{4CAE462F-412A-4AC1-8328-1EE68B4E26C8}.Release|Any CPU.Build.0 = Release|Any CPU
		{F92F539A-9376-4C33-8760-5EEE52D969DB}.Debug|Any CPU.ActiveCfg = Debug|Any CPU
		{F92F539A-9376-4C33-8760-5EEE52D969DB}.Debug|Any CPU.Build.0 = Debug|Any CPU
		{F92F539A-9376-4C33-8760-5EEE52D969DB}.Release|Any CPU.ActiveCfg = Release|Any CPU
		{F92F539A-9376-4C33-8760-5EEE52D969DB}.Release|Any CPU.Build.0 = Release|Any CPU
		{194FF05E-9526-472F-A50B-77C48D88CBE0}.Debug|Any CPU.ActiveCfg = Debug|Any CPU
		{194FF05E-9526-472F-A50B-77C48D88CBE0}.Debug|Any CPU.Build.0 = Debug|Any CPU
		{194FF05E-9526-472F-A50B-77C48D88CBE0}.Release|Any CPU.ActiveCfg = Release|Any CPU
		{194FF05E-9526-472F-A50B-77C48D88CBE0}.Release|Any CPU.Build.0 = Release|Any CPU
	EndGlobalSection
	GlobalSection(SolutionProperties) = preSolution
		HideSolutionNode = FALSE
	EndGlobalSection
	GlobalSection(NestedProjects) = preSolution
		{C44C9BD2-04F1-4D7A-9861-3D5781776AFA} = {AF154654-BB22-4A60-AA7F-26A398429B05}
		{96E62BDC-A931-445A-B0F2-77F39B34D773} = {AF154654-BB22-4A60-AA7F-26A398429B05}
		{0D57193B-AC96-469A-970C-8175BD15C398} = {AF154654-BB22-4A60-AA7F-26A398429B05}
		{5EDE9667-2080-4E46-84C1-3277F71551B3} = {063E63F0-4422-450B-8342-9D0001E14E95}
		{F4F33E98-8EB5-4D4A-808D-879679F1482C} = {063E63F0-4422-450B-8342-9D0001E14E95}
		{C75552B5-6930-4F45-9293-20DDE6AD8B25} = {063E63F0-4422-450B-8342-9D0001E14E95}
		{94C0FEFE-9410-4DD0-A332-D8839AF397A2} = {AE6E462B-A896-4E5F-96A2-F3E223F55D3B}
		{ADDF14A3-F04D-4811-9E66-DA212944E512} = {AE6E462B-A896-4E5F-96A2-F3E223F55D3B}
		{5C8065AE-28C3-4C5C-8354-7E4D0D21A066} = {AE6E462B-A896-4E5F-96A2-F3E223F55D3B}
		{308BD5AC-600E-4550-BC53-84712EA92B20} = {4E2430EA-3415-4D29-88E2-53DAD5B192BF}
		{893DDADA-0979-4FB3-B742-503A81AD06FE} = {4E2430EA-3415-4D29-88E2-53DAD5B192BF}
		{7FB8FE83-89FE-4048-92B3-BAAEBD911FBE} = {4E2430EA-3415-4D29-88E2-53DAD5B192BF}
		{4D4DBB07-E7B9-4A12-A1DD-26FA33E06D20} = {D8FD7848-728A-40CF-AF1C-B455FBE0DA84}
		{A361AE52-9298-4642-9678-718A7B4F3E51} = {D8FD7848-728A-40CF-AF1C-B455FBE0DA84}
		{DBE475EB-AB7A-4CD5-BF88-E126423199F8} = {D8FD7848-728A-40CF-AF1C-B455FBE0DA84}
		{E5D4C3B6-CA38-4B1C-B298-EA8D15659BB8} = {4991B61A-C289-4493-BA74-4C2BDBB62E01}
		{0AA8C135-A9B1-4A4D-86FF-80BC5C6B57BA} = {4991B61A-C289-4493-BA74-4C2BDBB62E01}
		{F0EC84F3-9C46-41B4-A7AC-4BF6273C26DB} = {4991B61A-C289-4493-BA74-4C2BDBB62E01}
		{00800197-EAFA-4A99-8E99-BDA1567A08FA} = {5E55F240-482A-4824-8F37-D2E815731B50}
		{014CA6BB-7326-41FD-9333-F5B77E84ED00} = {5E55F240-482A-4824-8F37-D2E815731B50}
		{1D4D8757-6169-47A6-BE0A-6690520D9305} = {5E55F240-482A-4824-8F37-D2E815731B50}
		{4CAE462F-412A-4AC1-8328-1EE68B4E26C8} = {020EFDAB-D519-41FF-B0EA-9E9FD0113D3D}
		{F92F539A-9376-4C33-8760-5EEE52D969DB} = {020EFDAB-D519-41FF-B0EA-9E9FD0113D3D}
		{194FF05E-9526-472F-A50B-77C48D88CBE0} = {020EFDAB-D519-41FF-B0EA-9E9FD0113D3D}
	EndGlobalSection
	GlobalSection(ExtensibilityGlobals) = postSolution
		SolutionGuid = {9663C717-22D5-4062-9F97-2FC2011ABCF2}
	EndGlobalSection
EndGlobal
